// !$*UTF8*$!
{
	archiveVersion = 1;
	classes = {
	};
	objectVersion = 56;
	objects = {

/* Begin PBXBuildFile section */
		4220107A299289D7003389DC /* AdminPanelViewController.swift in Sources */ = {isa = PBXBuildFile; fileRef = 42201079299289D7003389DC /* AdminPanelViewController.swift */; };
		4220107C2995611E003389DC /* Report.swift in Sources */ = {isa = PBXBuildFile; fileRef = 4220107B2995611E003389DC /* Report.swift */; };
		425E108B299D0E1D000F9F70 /* NetworkMonitor.swift in Sources */ = {isa = PBXBuildFile; fileRef = 425E108A299D0E1D000F9F70 /* NetworkMonitor.swift */; };
		42618DD42914312D0052DB76 /* StatisticsViewModel.swift in Sources */ = {isa = PBXBuildFile; fileRef = 42618DD32914312D0052DB76 /* StatisticsViewModel.swift */; };
		42618DD6291655720052DB76 /* MMUsersTableViewInTableViewCell.swift in Sources */ = {isa = PBXBuildFile; fileRef = 42618DD5291655720052DB76 /* MMUsersTableViewInTableViewCell.swift */; };
		42618DD829165A0D0052DB76 /* MMMostActivUsersCell.swift in Sources */ = {isa = PBXBuildFile; fileRef = 42618DD729165A0D0052DB76 /* MMMostActivUsersCell.swift */; };
		42618DDC2917BB7C0052DB76 /* PopularCity.swift in Sources */ = {isa = PBXBuildFile; fileRef = 42618DDB2917BB7C0052DB76 /* PopularCity.swift */; };
		42618DDE2917BC590052DB76 /* MMPopularCityTableViewCell.swift in Sources */ = {isa = PBXBuildFile; fileRef = 42618DDD2917BC590052DB76 /* MMPopularCityTableViewCell.swift */; };
		42618DE1291FDACC0052DB76 /* MMUserMuralsCollectionsVC.swift in Sources */ = {isa = PBXBuildFile; fileRef = 42618DE0291FDACC0052DB76 /* MMUserMuralsCollectionsVC.swift */; };
		42618DE3291FE5810052DB76 /* MMUserAddedMuralsCollectionsVC.swift in Sources */ = {isa = PBXBuildFile; fileRef = 42618DE2291FE5810052DB76 /* MMUserAddedMuralsCollectionsVC.swift */; };
		426E49FF28931180009C8E99 /* AppDelegate.swift in Sources */ = {isa = PBXBuildFile; fileRef = 426E49FE28931180009C8E99 /* AppDelegate.swift */; };
		426E4A0128931180009C8E99 /* SceneDelegate.swift in Sources */ = {isa = PBXBuildFile; fileRef = 426E4A0028931180009C8E99 /* SceneDelegate.swift */; };
		426E4A0328931180009C8E99 /* MapViewController.swift in Sources */ = {isa = PBXBuildFile; fileRef = 426E4A0228931180009C8E99 /* MapViewController.swift */; };
		426E4A0828931184009C8E99 /* Assets.xcassets in Resources */ = {isa = PBXBuildFile; fileRef = 426E4A0728931184009C8E99 /* Assets.xcassets */; };
		4275A280299BBBD400BD48A1 /* BlockedUsersVC.swift in Sources */ = {isa = PBXBuildFile; fileRef = 4275A27F299BBBD400BD48A1 /* BlockedUsersVC.swift */; };
		4275A282299BBF7B00BD48A1 /* MMBlockedUserTableViewCell.swift in Sources */ = {isa = PBXBuildFile; fileRef = 4275A281299BBF7B00BD48A1 /* MMBlockedUserTableViewCell.swift */; };
		427874B129964D500031DD93 /* UnreviewedMuralsVC.swift in Sources */ = {isa = PBXBuildFile; fileRef = 427874B029964D500031DD93 /* UnreviewedMuralsVC.swift */; };
		427874B329964D800031DD93 /* ReportsVC.swift in Sources */ = {isa = PBXBuildFile; fileRef = 427874B229964D800031DD93 /* ReportsVC.swift */; };
		427874B5299659550031DD93 /* MMReportCell.swift in Sources */ = {isa = PBXBuildFile; fileRef = 427874B4299659550031DD93 /* MMReportCell.swift */; };
		427874B92997BD240031DD93 /* ReviewStatusLegendVC.swift in Sources */ = {isa = PBXBuildFile; fileRef = 427874B82997BD240031DD93 /* ReviewStatusLegendVC.swift */; };
		427874BB2997D5B40031DD93 /* FullScreenImageVC.swift in Sources */ = {isa = PBXBuildFile; fileRef = 427874BA2997D5B40031DD93 /* FullScreenImageVC.swift */; };
		427BD5AA28EB6063005F686A /* MMAnnotationClusterView.swift in Sources */ = {isa = PBXBuildFile; fileRef = 427BD5A928EB6063005F686A /* MMAnnotationClusterView.swift */; };
		427C1A642910E899000E5619 /* MMFavoritesMuralCollectionCell.swift in Sources */ = {isa = PBXBuildFile; fileRef = 427C1A632910E899000E5619 /* MMFavoritesMuralCollectionCell.swift */; };
		427CAB5528E60D3200DA7247 /* AddNewViewModel.swift in Sources */ = {isa = PBXBuildFile; fileRef = 427CAB5428E60D3200DA7247 /* AddNewViewModel.swift */; };
		427CAB5828E9A83400DA7247 /* MMAnnotationView.swift in Sources */ = {isa = PBXBuildFile; fileRef = 427CAB5728E9A83300DA7247 /* MMAnnotationView.swift */; };
		427E374D29D1995200967DB8 /* ValidateAuthProtocol.swift in Sources */ = {isa = PBXBuildFile; fileRef = 427E374C29D1995200967DB8 /* ValidateAuthProtocol.swift */; };
		427E374F29D1B49100967DB8 /* MapViewController+Ext.swift in Sources */ = {isa = PBXBuildFile; fileRef = 427E374E29D1B49100967DB8 /* MapViewController+Ext.swift */; };
		427E375129D2E6F200967DB8 /* MuralInformationVC.swift in Sources */ = {isa = PBXBuildFile; fileRef = 427E375029D2E6F200967DB8 /* MuralInformationVC.swift */; };
		427E375329D2FE6600967DB8 /* ReportMuralProtocol.swift in Sources */ = {isa = PBXBuildFile; fileRef = 427E375229D2FE6600967DB8 /* ReportMuralProtocol.swift */; };
		42824F02295C64C000C33AA5 /* VerificationEmailSendViewController.swift in Sources */ = {isa = PBXBuildFile; fileRef = 42824F01295C64C000C33AA5 /* VerificationEmailSendViewController.swift */; };
		42824F042964378200C33AA5 /* Utilities.swift in Sources */ = {isa = PBXBuildFile; fileRef = 42824F032964378100C33AA5 /* Utilities.swift */; };
		42824F0629645E6200C33AA5 /* Message.swift in Sources */ = {isa = PBXBuildFile; fileRef = 42824F0529645E6200C33AA5 /* Message.swift */; };
		42824F082966FA1300C33AA5 /* MMEmptyStateView.swift in Sources */ = {isa = PBXBuildFile; fileRef = 42824F072966FA1300C33AA5 /* MMEmptyStateView.swift */; };
		4283A700293CA7D600EDFEB5 /* LegalTerms.swift in Sources */ = {isa = PBXBuildFile; fileRef = 4283A6FF293CA7D600EDFEB5 /* LegalTerms.swift */; };
		4283BAB028D5E24A00A54F0F /* MMMuralImageView.swift in Sources */ = {isa = PBXBuildFile; fileRef = 4283BAAF28D5E24A00A54F0F /* MMMuralImageView.swift */; };
		4283BAB228D5E45800A54F0F /* MMMuralPlaceholderView.swift in Sources */ = {isa = PBXBuildFile; fileRef = 4283BAB128D5E45800A54F0F /* MMMuralPlaceholderView.swift */; };
		4283BAB428D606B100A54F0F /* MMCircleButton.swift in Sources */ = {isa = PBXBuildFile; fileRef = 4283BAB328D606B100A54F0F /* MMCircleButton.swift */; };
		42867B6428958F5B00E5159F /* MainTabBarViewController.swift in Sources */ = {isa = PBXBuildFile; fileRef = 42867B6328958F5B00E5159F /* MainTabBarViewController.swift */; };
		42867B672895901000E5159F /* AddNewViewController.swift in Sources */ = {isa = PBXBuildFile; fileRef = 42867B662895901000E5159F /* AddNewViewController.swift */; };
		42867B69289590BD00E5159F /* UserAccountViewController.swift in Sources */ = {isa = PBXBuildFile; fileRef = 42867B68289590BD00E5159F /* UserAccountViewController.swift */; };
		42867B6B28959CE400E5159F /* SingInViewController.swift in Sources */ = {isa = PBXBuildFile; fileRef = 42867B6A28959CE400E5159F /* SingInViewController.swift */; };
		42867B702896FC8100E5159F /* LoginManager.swift in Sources */ = {isa = PBXBuildFile; fileRef = 42867B6F2896FC8100E5159F /* LoginManager.swift */; };
		42867B7228998A3200E5159F /* GoogleService-Info.plist in Resources */ = {isa = PBXBuildFile; fileRef = 42867B7128998A3200E5159F /* GoogleService-Info.plist */; };
		42867B7528998CD800E5159F /* FirebaseAuth in Frameworks */ = {isa = PBXBuildFile; productRef = 42867B7428998CD800E5159F /* FirebaseAuth */; };
		42867B7728998CD800E5159F /* FirebaseDatabase in Frameworks */ = {isa = PBXBuildFile; productRef = 42867B7628998CD800E5159F /* FirebaseDatabase */; };
		42867B7928998CD800E5159F /* FirebaseStorage in Frameworks */ = {isa = PBXBuildFile; productRef = 42867B7828998CD800E5159F /* FirebaseStorage */; };
		42867B7C2899C42900E5159F /* RxCocoa in Frameworks */ = {isa = PBXBuildFile; productRef = 42867B7B2899C42900E5159F /* RxCocoa */; };
		42867B7E2899C42900E5159F /* RxSwift in Frameworks */ = {isa = PBXBuildFile; productRef = 42867B7D2899C42900E5159F /* RxSwift */; };
		42867B80289C4CC600E5159F /* SingUpViewController.swift in Sources */ = {isa = PBXBuildFile; fileRef = 42867B7F289C4CC600E5159F /* SingUpViewController.swift */; };
		4289AEC028E2110500C3FFF5 /* DatabaseManager.swift in Sources */ = {isa = PBXBuildFile; fileRef = 4289AEBF28E2110500C3FFF5 /* DatabaseManager.swift */; };
		4289AEC328E211B200C3FFF5 /* FirebaseFirestore in Frameworks */ = {isa = PBXBuildFile; productRef = 4289AEC228E211B200C3FFF5 /* FirebaseFirestore */; };
		4289AEC528E211B200C3FFF5 /* FirebaseFirestoreSwift in Frameworks */ = {isa = PBXBuildFile; productRef = 4289AEC428E211B200C3FFF5 /* FirebaseFirestoreSwift */; };
		4289AEC828E216C200C3FFF5 /* Mural.swift in Sources */ = {isa = PBXBuildFile; fileRef = 4289AEC728E216C200C3FFF5 /* Mural.swift */; };
		428A42E6298A8C27005D6EFD /* EditUserDetailsViewController.swift in Sources */ = {isa = PBXBuildFile; fileRef = 428A42E5298A8C27005D6EFD /* EditUserDetailsViewController.swift */; };
		428BD65E28DE30B0000B8D69 /* MMTitleLabel.swift in Sources */ = {isa = PBXBuildFile; fileRef = 428BD65D28DE30B0000B8D69 /* MMTitleLabel.swift */; };
		428BD66128DE322A000B8D69 /* MMAlertContainerView.swift in Sources */ = {isa = PBXBuildFile; fileRef = 428BD66028DE322A000B8D69 /* MMAlertContainerView.swift */; };
		428BD66328DE353B000B8D69 /* MMAlertVC.swift in Sources */ = {isa = PBXBuildFile; fileRef = 428BD66228DE353B000B8D69 /* MMAlertVC.swift */; };
		428BD66528DE3B7B000B8D69 /* UIViewController+Ext.swift in Sources */ = {isa = PBXBuildFile; fileRef = 428BD66428DE3B7B000B8D69 /* UIViewController+Ext.swift */; };
		428BD66728DE3FDC000B8D69 /* MMError.swift in Sources */ = {isa = PBXBuildFile; fileRef = 428BD66628DE3FDC000B8D69 /* MMError.swift */; };
		428CEADA29214070006BC964 /* MMUserFavoritesMuralsCollectionVC.swift in Sources */ = {isa = PBXBuildFile; fileRef = 428CEAD929214070006BC964 /* MMUserFavoritesMuralsCollectionVC.swift */; };
		429A021228CFA1CE00CD6862 /* MMTextField.swift in Sources */ = {isa = PBXBuildFile; fileRef = 429A021128CFA1CE00CD6862 /* MMTextField.swift */; };
		429A021528CFADD200CD6862 /* UITextField+Ext.swift in Sources */ = {isa = PBXBuildFile; fileRef = 429A021428CFADD200CD6862 /* UITextField+Ext.swift */; };
		429A021928CFB52B00CD6862 /* MMTintedButton.swift in Sources */ = {isa = PBXBuildFile; fileRef = 429A021828CFB52B00CD6862 /* MMTintedButton.swift */; };
		429A021B28CFCC7100CD6862 /* MMPlainButton.swift in Sources */ = {isa = PBXBuildFile; fileRef = 429A021A28CFCC7100CD6862 /* MMPlainButton.swift */; };
		429A021D28CFCF4600CD6862 /* UIView+Ext.swift in Sources */ = {isa = PBXBuildFile; fileRef = 429A021C28CFCF4600CD6862 /* UIView+Ext.swift */; };
		429A022028CFD0E000CD6862 /* MMBodyLabel.swift in Sources */ = {isa = PBXBuildFile; fileRef = 429A021F28CFD0E000CD6862 /* MMBodyLabel.swift */; };
		42A5C70D2977E51500B3893C /* MMAnimableViewController.swift in Sources */ = {isa = PBXBuildFile; fileRef = 42A5C70C2977E51500B3893C /* MMAnimableViewController.swift */; };
		42D9EA1F2921581C00A7A9DC /* MMFilledButton.swift in Sources */ = {isa = PBXBuildFile; fileRef = 42D9EA1E2921581C00A7A9DC /* MMFilledButton.swift */; };
		42D9EA212922CD8D00A7A9DC /* ManageUserAddedMuralsVC.swift in Sources */ = {isa = PBXBuildFile; fileRef = 42D9EA202922CD8D00A7A9DC /* ManageUserAddedMuralsVC.swift */; };
		42D9EA232922D1EA00A7A9DC /* MMUserAddedMuralTableViewCell.swift in Sources */ = {isa = PBXBuildFile; fileRef = 42D9EA222922D1EA00A7A9DC /* MMUserAddedMuralTableViewCell.swift */; };
		42D9EA2529260E0000A7A9DC /* EditMuralViewController.swift in Sources */ = {isa = PBXBuildFile; fileRef = 42D9EA2429260E0000A7A9DC /* EditMuralViewController.swift */; };
		42D9EA28292C1AB000A7A9DC /* MostPopularMuralsVC.swift in Sources */ = {isa = PBXBuildFile; fileRef = 42D9EA27292C1AB000A7A9DC /* MostPopularMuralsVC.swift */; };
		42D9EA2C292EB42400A7A9DC /* MostActivUsersVC.swift in Sources */ = {isa = PBXBuildFile; fileRef = 42D9EA2B292EB42300A7A9DC /* MostActivUsersVC.swift */; };
		42D9EA2E292ED5F600A7A9DC /* MostMuralCitiesVC.swift in Sources */ = {isa = PBXBuildFile; fileRef = 42D9EA2D292ED5F600A7A9DC /* MostMuralCitiesVC.swift */; };
		42E18CB728D7A8FE0068414E /* MMDataLoadingVC.swift in Sources */ = {isa = PBXBuildFile; fileRef = 42E18CB628D7A8FE0068414E /* MMDataLoadingVC.swift */; };
		42E18CB928DB98EA0068414E /* UIImage+Ext.swift in Sources */ = {isa = PBXBuildFile; fileRef = 42E18CB828DB98EA0068414E /* UIImage+Ext.swift */; };
		42E61C2228F1AE0600D38205 /* MuralDetailsViewController.swift in Sources */ = {isa = PBXBuildFile; fileRef = 42E61C2128F1AE0600D38205 /* MuralDetailsViewController.swift */; };
		42E61C2628F1CE1D00D38205 /* MMFullSizeImageView.swift in Sources */ = {isa = PBXBuildFile; fileRef = 42E61C2528F1CE1D00D38205 /* MMFullSizeImageView.swift */; };
		42E61C2828F1CF3500D38205 /* ImagesManager.swift in Sources */ = {isa = PBXBuildFile; fileRef = 42E61C2728F1CF3500D38205 /* ImagesManager.swift */; };
		42E61C2A28F2DC7800D38205 /* Date+Ext.swift in Sources */ = {isa = PBXBuildFile; fileRef = 42E61C2928F2DC7800D38205 /* Date+Ext.swift */; };
		42E61C2E28F2ED6400D38205 /* Constants.swift in Sources */ = {isa = PBXBuildFile; fileRef = 42E61C2D28F2ED6400D38205 /* Constants.swift */; };
		42E61C3028F3143100D38205 /* MuralsCollectionViewController.swift in Sources */ = {isa = PBXBuildFile; fileRef = 42E61C2F28F3143100D38205 /* MuralsCollectionViewController.swift */; };
		42E61C3228F3191A00D38205 /* UIHelper.swift in Sources */ = {isa = PBXBuildFile; fileRef = 42E61C3128F3191A00D38205 /* UIHelper.swift */; };
		42E61C3528F31DD800D38205 /* MuralCell.swift in Sources */ = {isa = PBXBuildFile; fileRef = 42E61C3428F31DD800D38205 /* MuralCell.swift */; };
		42E61C3728F3200800D38205 /* MMSquareImageView.swift in Sources */ = {isa = PBXBuildFile; fileRef = 42E61C3628F3200800D38205 /* MMSquareImageView.swift */; };
		42E61C3928FAC03C00D38205 /* MMUsernameWithAvatarView.swift in Sources */ = {isa = PBXBuildFile; fileRef = 42E61C3828FAC03B00D38205 /* MMUsernameWithAvatarView.swift */; };
		42E61C3B28FAC0C500D38205 /* User.swift in Sources */ = {isa = PBXBuildFile; fileRef = 42E61C3A28FAC0C500D38205 /* User.swift */; };
		42E61C3D29045AAC00D38205 /* MMAvatarImageView.swift in Sources */ = {isa = PBXBuildFile; fileRef = 42E61C3C29045AAC00D38205 /* MMAvatarImageView.swift */; };
		42E61C3F29053F0400D38205 /* MuralDetailsViewModel.swift in Sources */ = {isa = PBXBuildFile; fileRef = 42E61C3E29053F0400D38205 /* MuralDetailsViewModel.swift */; };
		42E61C432906FFB200D38205 /* StatisticsViewController.swift in Sources */ = {isa = PBXBuildFile; fileRef = 42E61C422906FFB100D38205 /* StatisticsViewController.swift */; };
		42EA93A72947C4A9006F3EF0 /* FirebaseDynamicLinks in Frameworks */ = {isa = PBXBuildFile; productRef = 42EA93A62947C4A9006F3EF0 /* FirebaseDynamicLinks */; };
		42EA93A92948FB87006F3EF0 /* InfoPlistParser.swift in Sources */ = {isa = PBXBuildFile; fileRef = 42EA93A82948FB87006F3EF0 /* InfoPlistParser.swift */; };
		42EA93AC294DA8AB006F3EF0 /* CompleteUserDetailsViewController.swift in Sources */ = {isa = PBXBuildFile; fileRef = 42EA93AB294DA8AB006F3EF0 /* CompleteUserDetailsViewController.swift */; };
		42ECF0732973E6840097C843 /* Animator.swift in Sources */ = {isa = PBXBuildFile; fileRef = 42ECF0722973E6840097C843 /* Animator.swift */; };
		42ECF075297588E80097C843 /* PersistenceManager.swift in Sources */ = {isa = PBXBuildFile; fileRef = 42ECF074297588E80097C843 /* PersistenceManager.swift */; };
/* End PBXBuildFile section */

/* Begin PBXCopyFilesBuildPhase section */
		42D9DF572979737D008D8663 /* Embed Frameworks */ = {
			isa = PBXCopyFilesBuildPhase;
			buildActionMask = 2147483647;
			dstPath = "";
			dstSubfolderSpec = 10;
			files = (
			);
			name = "Embed Frameworks";
			runOnlyForDeploymentPostprocessing = 0;
		};
/* End PBXCopyFilesBuildPhase section */

/* Begin PBXFileReference section */
		42201079299289D7003389DC /* AdminPanelViewController.swift */ = {isa = PBXFileReference; lastKnownFileType = sourcecode.swift; path = AdminPanelViewController.swift; sourceTree = "<group>"; };
		4220107B2995611E003389DC /* Report.swift */ = {isa = PBXFileReference; lastKnownFileType = sourcecode.swift; path = Report.swift; sourceTree = "<group>"; };
		425E108A299D0E1D000F9F70 /* NetworkMonitor.swift */ = {isa = PBXFileReference; lastKnownFileType = sourcecode.swift; path = NetworkMonitor.swift; sourceTree = "<group>"; };
		42618DD32914312D0052DB76 /* StatisticsViewModel.swift */ = {isa = PBXFileReference; lastKnownFileType = sourcecode.swift; path = StatisticsViewModel.swift; sourceTree = "<group>"; };
		42618DD5291655720052DB76 /* MMUsersTableViewInTableViewCell.swift */ = {isa = PBXFileReference; lastKnownFileType = sourcecode.swift; path = MMUsersTableViewInTableViewCell.swift; sourceTree = "<group>"; };
		42618DD729165A0D0052DB76 /* MMMostActivUsersCell.swift */ = {isa = PBXFileReference; lastKnownFileType = sourcecode.swift; path = MMMostActivUsersCell.swift; sourceTree = "<group>"; };
		42618DDB2917BB7C0052DB76 /* PopularCity.swift */ = {isa = PBXFileReference; lastKnownFileType = sourcecode.swift; path = PopularCity.swift; sourceTree = "<group>"; };
		42618DDD2917BC590052DB76 /* MMPopularCityTableViewCell.swift */ = {isa = PBXFileReference; lastKnownFileType = sourcecode.swift; path = MMPopularCityTableViewCell.swift; sourceTree = "<group>"; };
		42618DE0291FDACC0052DB76 /* MMUserMuralsCollectionsVC.swift */ = {isa = PBXFileReference; lastKnownFileType = sourcecode.swift; path = MMUserMuralsCollectionsVC.swift; sourceTree = "<group>"; };
		42618DE2291FE5810052DB76 /* MMUserAddedMuralsCollectionsVC.swift */ = {isa = PBXFileReference; lastKnownFileType = sourcecode.swift; path = MMUserAddedMuralsCollectionsVC.swift; sourceTree = "<group>"; };
		426E49FB28931180009C8E99 /* MapaMurali.app */ = {isa = PBXFileReference; explicitFileType = wrapper.application; includeInIndex = 0; path = MapaMurali.app; sourceTree = BUILT_PRODUCTS_DIR; };
		426E49FE28931180009C8E99 /* AppDelegate.swift */ = {isa = PBXFileReference; lastKnownFileType = sourcecode.swift; path = AppDelegate.swift; sourceTree = "<group>"; };
		426E4A0028931180009C8E99 /* SceneDelegate.swift */ = {isa = PBXFileReference; lastKnownFileType = sourcecode.swift; path = SceneDelegate.swift; sourceTree = "<group>"; };
		426E4A0228931180009C8E99 /* MapViewController.swift */ = {isa = PBXFileReference; lastKnownFileType = sourcecode.swift; path = MapViewController.swift; sourceTree = "<group>"; };
		426E4A0728931184009C8E99 /* Assets.xcassets */ = {isa = PBXFileReference; lastKnownFileType = folder.assetcatalog; path = Assets.xcassets; sourceTree = "<group>"; };
		426E4A0C28931184009C8E99 /* Info.plist */ = {isa = PBXFileReference; lastKnownFileType = text.plist.xml; path = Info.plist; sourceTree = "<group>"; };
		4275A27F299BBBD400BD48A1 /* BlockedUsersVC.swift */ = {isa = PBXFileReference; lastKnownFileType = sourcecode.swift; path = BlockedUsersVC.swift; sourceTree = "<group>"; };
		4275A281299BBF7B00BD48A1 /* MMBlockedUserTableViewCell.swift */ = {isa = PBXFileReference; lastKnownFileType = sourcecode.swift; path = MMBlockedUserTableViewCell.swift; sourceTree = "<group>"; };
		427874B029964D500031DD93 /* UnreviewedMuralsVC.swift */ = {isa = PBXFileReference; lastKnownFileType = sourcecode.swift; path = UnreviewedMuralsVC.swift; sourceTree = "<group>"; };
		427874B229964D800031DD93 /* ReportsVC.swift */ = {isa = PBXFileReference; lastKnownFileType = sourcecode.swift; path = ReportsVC.swift; sourceTree = "<group>"; };
		427874B4299659550031DD93 /* MMReportCell.swift */ = {isa = PBXFileReference; lastKnownFileType = sourcecode.swift; path = MMReportCell.swift; sourceTree = "<group>"; };
		427874B82997BD240031DD93 /* ReviewStatusLegendVC.swift */ = {isa = PBXFileReference; lastKnownFileType = sourcecode.swift; path = ReviewStatusLegendVC.swift; sourceTree = "<group>"; };
		427874BA2997D5B40031DD93 /* FullScreenImageVC.swift */ = {isa = PBXFileReference; lastKnownFileType = sourcecode.swift; path = FullScreenImageVC.swift; sourceTree = "<group>"; };
		427BD5A928EB6063005F686A /* MMAnnotationClusterView.swift */ = {isa = PBXFileReference; lastKnownFileType = sourcecode.swift; path = MMAnnotationClusterView.swift; sourceTree = "<group>"; };
		427C1A632910E899000E5619 /* MMFavoritesMuralCollectionCell.swift */ = {isa = PBXFileReference; lastKnownFileType = sourcecode.swift; path = MMFavoritesMuralCollectionCell.swift; sourceTree = "<group>"; };
		427CAB5428E60D3200DA7247 /* AddNewViewModel.swift */ = {isa = PBXFileReference; lastKnownFileType = sourcecode.swift; path = AddNewViewModel.swift; sourceTree = "<group>"; };
		427CAB5728E9A83300DA7247 /* MMAnnotationView.swift */ = {isa = PBXFileReference; lastKnownFileType = sourcecode.swift; path = MMAnnotationView.swift; sourceTree = "<group>"; };
		427E374C29D1995200967DB8 /* ValidateAuthProtocol.swift */ = {isa = PBXFileReference; lastKnownFileType = sourcecode.swift; path = ValidateAuthProtocol.swift; sourceTree = "<group>"; };
		427E374E29D1B49100967DB8 /* MapViewController+Ext.swift */ = {isa = PBXFileReference; lastKnownFileType = sourcecode.swift; path = "MapViewController+Ext.swift"; sourceTree = "<group>"; };
		427E375029D2E6F200967DB8 /* MuralInformationVC.swift */ = {isa = PBXFileReference; lastKnownFileType = sourcecode.swift; path = MuralInformationVC.swift; sourceTree = "<group>"; };
		427E375229D2FE6600967DB8 /* ReportMuralProtocol.swift */ = {isa = PBXFileReference; lastKnownFileType = sourcecode.swift; path = ReportMuralProtocol.swift; sourceTree = "<group>"; };
		42824F01295C64C000C33AA5 /* VerificationEmailSendViewController.swift */ = {isa = PBXFileReference; lastKnownFileType = sourcecode.swift; path = VerificationEmailSendViewController.swift; sourceTree = "<group>"; };
		42824F032964378100C33AA5 /* Utilities.swift */ = {isa = PBXFileReference; lastKnownFileType = sourcecode.swift; path = Utilities.swift; sourceTree = "<group>"; };
		42824F0529645E6200C33AA5 /* Message.swift */ = {isa = PBXFileReference; lastKnownFileType = sourcecode.swift; path = Message.swift; sourceTree = "<group>"; };
		42824F072966FA1300C33AA5 /* MMEmptyStateView.swift */ = {isa = PBXFileReference; lastKnownFileType = sourcecode.swift; path = MMEmptyStateView.swift; sourceTree = "<group>"; };
		4283A6FF293CA7D600EDFEB5 /* LegalTerms.swift */ = {isa = PBXFileReference; lastKnownFileType = sourcecode.swift; path = LegalTerms.swift; sourceTree = "<group>"; };
		4283BAAF28D5E24A00A54F0F /* MMMuralImageView.swift */ = {isa = PBXFileReference; lastKnownFileType = sourcecode.swift; path = MMMuralImageView.swift; sourceTree = "<group>"; };
		4283BAB128D5E45800A54F0F /* MMMuralPlaceholderView.swift */ = {isa = PBXFileReference; lastKnownFileType = sourcecode.swift; path = MMMuralPlaceholderView.swift; sourceTree = "<group>"; };
		4283BAB328D606B100A54F0F /* MMCircleButton.swift */ = {isa = PBXFileReference; lastKnownFileType = sourcecode.swift; path = MMCircleButton.swift; sourceTree = "<group>"; };
		42867B6328958F5B00E5159F /* MainTabBarViewController.swift */ = {isa = PBXFileReference; lastKnownFileType = sourcecode.swift; path = MainTabBarViewController.swift; sourceTree = "<group>"; };
		42867B662895901000E5159F /* AddNewViewController.swift */ = {isa = PBXFileReference; lastKnownFileType = sourcecode.swift; path = AddNewViewController.swift; sourceTree = "<group>"; };
		42867B68289590BD00E5159F /* UserAccountViewController.swift */ = {isa = PBXFileReference; lastKnownFileType = sourcecode.swift; path = UserAccountViewController.swift; sourceTree = "<group>"; };
		42867B6A28959CE400E5159F /* SingInViewController.swift */ = {isa = PBXFileReference; lastKnownFileType = sourcecode.swift; path = SingInViewController.swift; sourceTree = "<group>"; };
		42867B6F2896FC8100E5159F /* LoginManager.swift */ = {isa = PBXFileReference; lastKnownFileType = sourcecode.swift; path = LoginManager.swift; sourceTree = "<group>"; };
		42867B7128998A3200E5159F /* GoogleService-Info.plist */ = {isa = PBXFileReference; fileEncoding = 4; lastKnownFileType = text.plist.xml; path = "GoogleService-Info.plist"; sourceTree = "<group>"; };
		42867B7F289C4CC600E5159F /* SingUpViewController.swift */ = {isa = PBXFileReference; lastKnownFileType = sourcecode.swift; path = SingUpViewController.swift; sourceTree = "<group>"; };
		4289AEBF28E2110500C3FFF5 /* DatabaseManager.swift */ = {isa = PBXFileReference; lastKnownFileType = sourcecode.swift; path = DatabaseManager.swift; sourceTree = "<group>"; };
		4289AEC728E216C200C3FFF5 /* Mural.swift */ = {isa = PBXFileReference; lastKnownFileType = sourcecode.swift; path = Mural.swift; sourceTree = "<group>"; };
		428A42E5298A8C27005D6EFD /* EditUserDetailsViewController.swift */ = {isa = PBXFileReference; lastKnownFileType = sourcecode.swift; path = EditUserDetailsViewController.swift; sourceTree = "<group>"; };
		428BD65D28DE30B0000B8D69 /* MMTitleLabel.swift */ = {isa = PBXFileReference; lastKnownFileType = sourcecode.swift; path = MMTitleLabel.swift; sourceTree = "<group>"; };
		428BD66028DE322A000B8D69 /* MMAlertContainerView.swift */ = {isa = PBXFileReference; lastKnownFileType = sourcecode.swift; path = MMAlertContainerView.swift; sourceTree = "<group>"; };
		428BD66228DE353B000B8D69 /* MMAlertVC.swift */ = {isa = PBXFileReference; lastKnownFileType = sourcecode.swift; path = MMAlertVC.swift; sourceTree = "<group>"; };
		428BD66428DE3B7B000B8D69 /* UIViewController+Ext.swift */ = {isa = PBXFileReference; lastKnownFileType = sourcecode.swift; path = "UIViewController+Ext.swift"; sourceTree = "<group>"; };
		428BD66628DE3FDC000B8D69 /* MMError.swift */ = {isa = PBXFileReference; lastKnownFileType = sourcecode.swift; path = MMError.swift; sourceTree = "<group>"; };
		428CEAD929214070006BC964 /* MMUserFavoritesMuralsCollectionVC.swift */ = {isa = PBXFileReference; lastKnownFileType = sourcecode.swift; path = MMUserFavoritesMuralsCollectionVC.swift; sourceTree = "<group>"; };
		429A021128CFA1CE00CD6862 /* MMTextField.swift */ = {isa = PBXFileReference; lastKnownFileType = sourcecode.swift; path = MMTextField.swift; sourceTree = "<group>"; };
		429A021428CFADD200CD6862 /* UITextField+Ext.swift */ = {isa = PBXFileReference; lastKnownFileType = sourcecode.swift; path = "UITextField+Ext.swift"; sourceTree = "<group>"; };
		429A021828CFB52B00CD6862 /* MMTintedButton.swift */ = {isa = PBXFileReference; lastKnownFileType = sourcecode.swift; path = MMTintedButton.swift; sourceTree = "<group>"; };
		429A021A28CFCC7100CD6862 /* MMPlainButton.swift */ = {isa = PBXFileReference; lastKnownFileType = sourcecode.swift; path = MMPlainButton.swift; sourceTree = "<group>"; };
		429A021C28CFCF4600CD6862 /* UIView+Ext.swift */ = {isa = PBXFileReference; lastKnownFileType = sourcecode.swift; path = "UIView+Ext.swift"; sourceTree = "<group>"; };
		429A021F28CFD0E000CD6862 /* MMBodyLabel.swift */ = {isa = PBXFileReference; lastKnownFileType = sourcecode.swift; path = MMBodyLabel.swift; sourceTree = "<group>"; };
		42A5C70C2977E51500B3893C /* MMAnimableViewController.swift */ = {isa = PBXFileReference; lastKnownFileType = sourcecode.swift; path = MMAnimableViewController.swift; sourceTree = "<group>"; };
		42D9EA1E2921581C00A7A9DC /* MMFilledButton.swift */ = {isa = PBXFileReference; lastKnownFileType = sourcecode.swift; path = MMFilledButton.swift; sourceTree = "<group>"; };
		42D9EA202922CD8D00A7A9DC /* ManageUserAddedMuralsVC.swift */ = {isa = PBXFileReference; lastKnownFileType = sourcecode.swift; path = ManageUserAddedMuralsVC.swift; sourceTree = "<group>"; };
		42D9EA222922D1EA00A7A9DC /* MMUserAddedMuralTableViewCell.swift */ = {isa = PBXFileReference; lastKnownFileType = sourcecode.swift; path = MMUserAddedMuralTableViewCell.swift; sourceTree = "<group>"; };
		42D9EA2429260E0000A7A9DC /* EditMuralViewController.swift */ = {isa = PBXFileReference; lastKnownFileType = sourcecode.swift; path = EditMuralViewController.swift; sourceTree = "<group>"; };
		42D9EA27292C1AB000A7A9DC /* MostPopularMuralsVC.swift */ = {isa = PBXFileReference; lastKnownFileType = sourcecode.swift; path = MostPopularMuralsVC.swift; sourceTree = "<group>"; };
		42D9EA2B292EB42300A7A9DC /* MostActivUsersVC.swift */ = {isa = PBXFileReference; lastKnownFileType = sourcecode.swift; path = MostActivUsersVC.swift; sourceTree = "<group>"; };
		42D9EA2D292ED5F600A7A9DC /* MostMuralCitiesVC.swift */ = {isa = PBXFileReference; lastKnownFileType = sourcecode.swift; path = MostMuralCitiesVC.swift; sourceTree = "<group>"; };
		42E18CB628D7A8FE0068414E /* MMDataLoadingVC.swift */ = {isa = PBXFileReference; lastKnownFileType = sourcecode.swift; path = MMDataLoadingVC.swift; sourceTree = "<group>"; };
		42E18CB828DB98EA0068414E /* UIImage+Ext.swift */ = {isa = PBXFileReference; lastKnownFileType = sourcecode.swift; path = "UIImage+Ext.swift"; sourceTree = "<group>"; };
		42E61C2128F1AE0600D38205 /* MuralDetailsViewController.swift */ = {isa = PBXFileReference; lastKnownFileType = sourcecode.swift; path = MuralDetailsViewController.swift; sourceTree = "<group>"; };
		42E61C2528F1CE1D00D38205 /* MMFullSizeImageView.swift */ = {isa = PBXFileReference; lastKnownFileType = sourcecode.swift; path = MMFullSizeImageView.swift; sourceTree = "<group>"; };
		42E61C2728F1CF3500D38205 /* ImagesManager.swift */ = {isa = PBXFileReference; lastKnownFileType = sourcecode.swift; path = ImagesManager.swift; sourceTree = "<group>"; };
		42E61C2928F2DC7800D38205 /* Date+Ext.swift */ = {isa = PBXFileReference; lastKnownFileType = sourcecode.swift; path = "Date+Ext.swift"; sourceTree = "<group>"; };
		42E61C2D28F2ED6400D38205 /* Constants.swift */ = {isa = PBXFileReference; lastKnownFileType = sourcecode.swift; path = Constants.swift; sourceTree = "<group>"; };
		42E61C2F28F3143100D38205 /* MuralsCollectionViewController.swift */ = {isa = PBXFileReference; lastKnownFileType = sourcecode.swift; path = MuralsCollectionViewController.swift; sourceTree = "<group>"; };
		42E61C3128F3191A00D38205 /* UIHelper.swift */ = {isa = PBXFileReference; lastKnownFileType = sourcecode.swift; path = UIHelper.swift; sourceTree = "<group>"; };
		42E61C3428F31DD800D38205 /* MuralCell.swift */ = {isa = PBXFileReference; lastKnownFileType = sourcecode.swift; path = MuralCell.swift; sourceTree = "<group>"; };
		42E61C3628F3200800D38205 /* MMSquareImageView.swift */ = {isa = PBXFileReference; lastKnownFileType = sourcecode.swift; path = MMSquareImageView.swift; sourceTree = "<group>"; };
		42E61C3828FAC03B00D38205 /* MMUsernameWithAvatarView.swift */ = {isa = PBXFileReference; lastKnownFileType = sourcecode.swift; path = MMUsernameWithAvatarView.swift; sourceTree = "<group>"; };
		42E61C3A28FAC0C500D38205 /* User.swift */ = {isa = PBXFileReference; lastKnownFileType = sourcecode.swift; path = User.swift; sourceTree = "<group>"; };
		42E61C3C29045AAC00D38205 /* MMAvatarImageView.swift */ = {isa = PBXFileReference; lastKnownFileType = sourcecode.swift; path = MMAvatarImageView.swift; sourceTree = "<group>"; };
		42E61C3E29053F0400D38205 /* MuralDetailsViewModel.swift */ = {isa = PBXFileReference; lastKnownFileType = sourcecode.swift; path = MuralDetailsViewModel.swift; sourceTree = "<group>"; };
		42E61C422906FFB100D38205 /* StatisticsViewController.swift */ = {isa = PBXFileReference; lastKnownFileType = sourcecode.swift; path = StatisticsViewController.swift; sourceTree = "<group>"; };
		42EA93A82948FB87006F3EF0 /* InfoPlistParser.swift */ = {isa = PBXFileReference; lastKnownFileType = sourcecode.swift; path = InfoPlistParser.swift; sourceTree = "<group>"; };
		42EA93AA294A4D49006F3EF0 /* MapaMurali.entitlements */ = {isa = PBXFileReference; lastKnownFileType = text.plist.entitlements; path = MapaMurali.entitlements; sourceTree = "<group>"; };
		42EA93AB294DA8AB006F3EF0 /* CompleteUserDetailsViewController.swift */ = {isa = PBXFileReference; lastKnownFileType = sourcecode.swift; path = CompleteUserDetailsViewController.swift; sourceTree = "<group>"; };
		42ECF0722973E6840097C843 /* Animator.swift */ = {isa = PBXFileReference; lastKnownFileType = sourcecode.swift; path = Animator.swift; sourceTree = "<group>"; };
		42ECF074297588E80097C843 /* PersistenceManager.swift */ = {isa = PBXFileReference; lastKnownFileType = sourcecode.swift; path = PersistenceManager.swift; sourceTree = "<group>"; };
/* End PBXFileReference section */

/* Begin PBXFrameworksBuildPhase section */
		426E49F828931180009C8E99 /* Frameworks */ = {
			isa = PBXFrameworksBuildPhase;
			buildActionMask = 2147483647;
			files = (
				42867B7728998CD800E5159F /* FirebaseDatabase in Frameworks */,
				42867B7528998CD800E5159F /* FirebaseAuth in Frameworks */,
				42867B7E2899C42900E5159F /* RxSwift in Frameworks */,
				42EA93A72947C4A9006F3EF0 /* FirebaseDynamicLinks in Frameworks */,
				4289AEC528E211B200C3FFF5 /* FirebaseFirestoreSwift in Frameworks */,
				42867B7C2899C42900E5159F /* RxCocoa in Frameworks */,
				42867B7928998CD800E5159F /* FirebaseStorage in Frameworks */,
				4289AEC328E211B200C3FFF5 /* FirebaseFirestore in Frameworks */,
			);
			runOnlyForDeploymentPostprocessing = 0;
		};
/* End PBXFrameworksBuildPhase section */

/* Begin PBXGroup section */
		42618DDF291FDA3C0052DB76 /* UserMuralsCollectionVCs */ = {
			isa = PBXGroup;
			children = (
				42618DE0291FDACC0052DB76 /* MMUserMuralsCollectionsVC.swift */,
				42618DE2291FE5810052DB76 /* MMUserAddedMuralsCollectionsVC.swift */,
				428CEAD929214070006BC964 /* MMUserFavoritesMuralsCollectionVC.swift */,
			);
			path = UserMuralsCollectionVCs;
			sourceTree = "<group>";
		};
		426E49F228931180009C8E99 = {
			isa = PBXGroup;
			children = (
				426E49FD28931180009C8E99 /* MapaMurali */,
				426E49FC28931180009C8E99 /* Products */,
			);
			sourceTree = "<group>";
		};
		426E49FC28931180009C8E99 /* Products */ = {
			isa = PBXGroup;
			children = (
				426E49FB28931180009C8E99 /* MapaMurali.app */,
			);
			name = Products;
			sourceTree = "<group>";
		};
		426E49FD28931180009C8E99 /* MapaMurali */ = {
			isa = PBXGroup;
			children = (
				42EA93AA294A4D49006F3EF0 /* MapaMurali.entitlements */,
				426E49FE28931180009C8E99 /* AppDelegate.swift */,
				426E4A0028931180009C8E99 /* SceneDelegate.swift */,
				427E374B29D198F300967DB8 /* Protocols */,
				4289AEC628E2169F00C3FFF5 /* Model */,
				429A021628CFAF5C00CD6862 /* Utilities */,
				429A021328CFAD7100CD6862 /* Extensions */,
				42867B6C2896FBB400E5159F /* Managers */,
				429A020F28CFA15E00CD6862 /* CustomViews */,
				427CAB5328E60CFC00DA7247 /* ViewModels */,
				42867B6528958FDC00E5159F /* Screens */,
				42867B7128998A3200E5159F /* GoogleService-Info.plist */,
				426E4A0728931184009C8E99 /* Assets.xcassets */,
				426E4A0C28931184009C8E99 /* Info.plist */,
			);
			path = MapaMurali;
			sourceTree = "<group>";
		};
		4275A27E299BBB6000BD48A1 /* UserAccount */ = {
			isa = PBXGroup;
			children = (
				42867B68289590BD00E5159F /* UserAccountViewController.swift */,
				42D9EA202922CD8D00A7A9DC /* ManageUserAddedMuralsVC.swift */,
				4275A27F299BBBD400BD48A1 /* BlockedUsersVC.swift */,
			);
			path = UserAccount;
			sourceTree = "<group>";
		};
		4275EB8E295ADAA4004946ED /* Authorizations */ = {
			isa = PBXGroup;
			children = (
				42867B6A28959CE400E5159F /* SingInViewController.swift */,
				42867B7F289C4CC600E5159F /* SingUpViewController.swift */,
				42824F01295C64C000C33AA5 /* VerificationEmailSendViewController.swift */,
				42EA93AB294DA8AB006F3EF0 /* CompleteUserDetailsViewController.swift */,
				428A42E5298A8C27005D6EFD /* EditUserDetailsViewController.swift */,
			);
			path = Authorizations;
			sourceTree = "<group>";
		};
		427874AF29964BEF0031DD93 /* AdminPanel */ = {
			isa = PBXGroup;
			children = (
				42201079299289D7003389DC /* AdminPanelViewController.swift */,
				427874B029964D500031DD93 /* UnreviewedMuralsVC.swift */,
				427874B229964D800031DD93 /* ReportsVC.swift */,
			);
			path = AdminPanel;
			sourceTree = "<group>";
		};
		427CAB5328E60CFC00DA7247 /* ViewModels */ = {
			isa = PBXGroup;
			children = (
				427CAB5428E60D3200DA7247 /* AddNewViewModel.swift */,
				42E61C3E29053F0400D38205 /* MuralDetailsViewModel.swift */,
				42618DD32914312D0052DB76 /* StatisticsViewModel.swift */,
			);
			path = ViewModels;
			sourceTree = "<group>";
		};
		427CAB5628E9A7EB00DA7247 /* AnnotationsViews */ = {
			isa = PBXGroup;
			children = (
				427CAB5728E9A83300DA7247 /* MMAnnotationView.swift */,
				427BD5A928EB6063005F686A /* MMAnnotationClusterView.swift */,
			);
			path = AnnotationsViews;
			sourceTree = "<group>";
		};
		427E374B29D198F300967DB8 /* Protocols */ = {
			isa = PBXGroup;
			children = (
				427E374C29D1995200967DB8 /* ValidateAuthProtocol.swift */,
				427E375229D2FE6600967DB8 /* ReportMuralProtocol.swift */,
			);
			path = Protocols;
			sourceTree = "<group>";
		};
		427E375429D3074300967DB8 /* Mural Details */ = {
			isa = PBXGroup;
			children = (
				42E61C2128F1AE0600D38205 /* MuralDetailsViewController.swift */,
				427E375029D2E6F200967DB8 /* MuralInformationVC.swift */,
			);
			path = "Mural Details";
			sourceTree = "<group>";
		};
		4283BAAE28D5E20800A54F0F /* ImageViews */ = {
			isa = PBXGroup;
			children = (
				4283BAAF28D5E24A00A54F0F /* MMMuralImageView.swift */,
				42E61C3C29045AAC00D38205 /* MMAvatarImageView.swift */,
				4283BAB128D5E45800A54F0F /* MMMuralPlaceholderView.swift */,
				42E61C2528F1CE1D00D38205 /* MMFullSizeImageView.swift */,
				42E61C3628F3200800D38205 /* MMSquareImageView.swift */,
			);
			path = ImageViews;
			sourceTree = "<group>";
		};
		42867B6528958FDC00E5159F /* Screens */ = {
			isa = PBXGroup;
			children = (
				4275EB8E295ADAA4004946ED /* Authorizations */,
				42867B6328958F5B00E5159F /* MainTabBarViewController.swift */,
				426E4A0228931180009C8E99 /* MapViewController.swift */,
				427E374E29D1B49100967DB8 /* MapViewController+Ext.swift */,
				42E61C2F28F3143100D38205 /* MuralsCollectionViewController.swift */,
				42867B662895901000E5159F /* AddNewViewController.swift */,
				42D9EA2429260E0000A7A9DC /* EditMuralViewController.swift */,
				42E61C422906FFB100D38205 /* StatisticsViewController.swift */,
				427E375429D3074300967DB8 /* Mural Details */,
				4275A27E299BBB6000BD48A1 /* UserAccount */,
				427874AF29964BEF0031DD93 /* AdminPanel */,
			);
			path = Screens;
			sourceTree = "<group>";
		};
		42867B6C2896FBB400E5159F /* Managers */ = {
			isa = PBXGroup;
			children = (
				42867B6F2896FC8100E5159F /* LoginManager.swift */,
				4289AEBF28E2110500C3FFF5 /* DatabaseManager.swift */,
				42E61C2728F1CF3500D38205 /* ImagesManager.swift */,
				42ECF0722973E6840097C843 /* Animator.swift */,
				42ECF074297588E80097C843 /* PersistenceManager.swift */,
			);
			path = Managers;
			sourceTree = "<group>";
		};
		4289AEC628E2169F00C3FFF5 /* Model */ = {
			isa = PBXGroup;
			children = (
				4289AEC728E216C200C3FFF5 /* Mural.swift */,
				42E61C3A28FAC0C500D38205 /* User.swift */,
				42618DDB2917BB7C0052DB76 /* PopularCity.swift */,
				4283A6FF293CA7D600EDFEB5 /* LegalTerms.swift */,
				42824F0529645E6200C33AA5 /* Message.swift */,
				4220107B2995611E003389DC /* Report.swift */,
			);
			path = Model;
			sourceTree = "<group>";
		};
		428BD65F28DE31FC000B8D69 /* Views */ = {
			isa = PBXGroup;
			children = (
				428BD66028DE322A000B8D69 /* MMAlertContainerView.swift */,
				42824F072966FA1300C33AA5 /* MMEmptyStateView.swift */,
				42E61C3828FAC03B00D38205 /* MMUsernameWithAvatarView.swift */,
			);
			path = Views;
			sourceTree = "<group>";
		};
		429A020F28CFA15E00CD6862 /* CustomViews */ = {
			isa = PBXGroup;
			children = (
				427CAB5628E9A7EB00DA7247 /* AnnotationsViews */,
				428BD65F28DE31FC000B8D69 /* Views */,
				42E18CB528D7A8C00068414E /* ViewControllers */,
				4283BAAE28D5E20800A54F0F /* ImageViews */,
				429A021E28CFD0AD00CD6862 /* Labels */,
				429A021728CFB4F500CD6862 /* Buttons */,
				42E61C3328F31D9F00D38205 /* Cells */,
				429A021028CFA17C00CD6862 /* TextFields */,
			);
			path = CustomViews;
			sourceTree = "<group>";
		};
		429A021028CFA17C00CD6862 /* TextFields */ = {
			isa = PBXGroup;
			children = (
				429A021128CFA1CE00CD6862 /* MMTextField.swift */,
			);
			path = TextFields;
			sourceTree = "<group>";
		};
		429A021328CFAD7100CD6862 /* Extensions */ = {
			isa = PBXGroup;
			children = (
				429A021428CFADD200CD6862 /* UITextField+Ext.swift */,
				429A021C28CFCF4600CD6862 /* UIView+Ext.swift */,
				42E18CB828DB98EA0068414E /* UIImage+Ext.swift */,
				428BD66428DE3B7B000B8D69 /* UIViewController+Ext.swift */,
				42E61C2928F2DC7800D38205 /* Date+Ext.swift */,
			);
			path = Extensions;
			sourceTree = "<group>";
		};
		429A021628CFAF5C00CD6862 /* Utilities */ = {
			isa = PBXGroup;
			children = (
				42E61C3128F3191A00D38205 /* UIHelper.swift */,
				428BD66628DE3FDC000B8D69 /* MMError.swift */,
				42E61C2D28F2ED6400D38205 /* Constants.swift */,
				42EA93A82948FB87006F3EF0 /* InfoPlistParser.swift */,
				42824F032964378100C33AA5 /* Utilities.swift */,
				425E108A299D0E1D000F9F70 /* NetworkMonitor.swift */,
			);
			path = Utilities;
			sourceTree = "<group>";
		};
		429A021728CFB4F500CD6862 /* Buttons */ = {
			isa = PBXGroup;
			children = (
				429A021828CFB52B00CD6862 /* MMTintedButton.swift */,
				429A021A28CFCC7100CD6862 /* MMPlainButton.swift */,
				4283BAB328D606B100A54F0F /* MMCircleButton.swift */,
				42D9EA1E2921581C00A7A9DC /* MMFilledButton.swift */,
			);
			path = Buttons;
			sourceTree = "<group>";
		};
		429A021E28CFD0AD00CD6862 /* Labels */ = {
			isa = PBXGroup;
			children = (
				429A021F28CFD0E000CD6862 /* MMBodyLabel.swift */,
				428BD65D28DE30B0000B8D69 /* MMTitleLabel.swift */,
			);
			path = Labels;
			sourceTree = "<group>";
		};
		42D9EA26292C1A6F00A7A9DC /* StatisticsChildsVC */ = {
			isa = PBXGroup;
			children = (
				42D9EA27292C1AB000A7A9DC /* MostPopularMuralsVC.swift */,
				42D9EA2B292EB42300A7A9DC /* MostActivUsersVC.swift */,
				42D9EA2D292ED5F600A7A9DC /* MostMuralCitiesVC.swift */,
			);
			path = StatisticsChildsVC;
			sourceTree = "<group>";
		};
		42E18CB528D7A8C00068414E /* ViewControllers */ = {
			isa = PBXGroup;
			children = (
				42618DDF291FDA3C0052DB76 /* UserMuralsCollectionVCs */,
				42D9EA26292C1A6F00A7A9DC /* StatisticsChildsVC */,
				42E18CB628D7A8FE0068414E /* MMDataLoadingVC.swift */,
				428BD66228DE353B000B8D69 /* MMAlertVC.swift */,
				42A5C70C2977E51500B3893C /* MMAnimableViewController.swift */,
				427874B82997BD240031DD93 /* ReviewStatusLegendVC.swift */,
				427874BA2997D5B40031DD93 /* FullScreenImageVC.swift */,
			);
			path = ViewControllers;
			sourceTree = "<group>";
		};
		42E61C3328F31D9F00D38205 /* Cells */ = {
			isa = PBXGroup;
			children = (
				42E61C3428F31DD800D38205 /* MuralCell.swift */,
				427C1A632910E899000E5619 /* MMFavoritesMuralCollectionCell.swift */,
				42618DD5291655720052DB76 /* MMUsersTableViewInTableViewCell.swift */,
				42618DD729165A0D0052DB76 /* MMMostActivUsersCell.swift */,
				42618DDD2917BC590052DB76 /* MMPopularCityTableViewCell.swift */,
				42D9EA222922D1EA00A7A9DC /* MMUserAddedMuralTableViewCell.swift */,
				427874B4299659550031DD93 /* MMReportCell.swift */,
				4275A281299BBF7B00BD48A1 /* MMBlockedUserTableViewCell.swift */,
			);
			path = Cells;
			sourceTree = "<group>";
		};
/* End PBXGroup section */

/* Begin PBXNativeTarget section */
		426E49FA28931180009C8E99 /* MapaMurali */ = {
			isa = PBXNativeTarget;
			buildConfigurationList = 426E4A0F28931184009C8E99 /* Build configuration list for PBXNativeTarget "MapaMurali" */;
			buildPhases = (
				426E49F728931180009C8E99 /* Sources */,
				426E49F828931180009C8E99 /* Frameworks */,
				426E49F928931180009C8E99 /* Resources */,
				42D9DF572979737D008D8663 /* Embed Frameworks */,
			);
			buildRules = (
			);
			dependencies = (
			);
			name = MapaMurali;
			packageProductDependencies = (
				42867B7428998CD800E5159F /* FirebaseAuth */,
				42867B7628998CD800E5159F /* FirebaseDatabase */,
				42867B7828998CD800E5159F /* FirebaseStorage */,
				42867B7B2899C42900E5159F /* RxCocoa */,
				42867B7D2899C42900E5159F /* RxSwift */,
				4289AEC228E211B200C3FFF5 /* FirebaseFirestore */,
				4289AEC428E211B200C3FFF5 /* FirebaseFirestoreSwift */,
				42EA93A62947C4A9006F3EF0 /* FirebaseDynamicLinks */,
			);
			productName = MapaMurali;
			productReference = 426E49FB28931180009C8E99 /* MapaMurali.app */;
			productType = "com.apple.product-type.application";
		};
/* End PBXNativeTarget section */

/* Begin PBXProject section */
		426E49F328931180009C8E99 /* Project object */ = {
			isa = PBXProject;
			attributes = {
				BuildIndependentTargetsInParallel = 1;
				LastSwiftUpdateCheck = 1340;
				LastUpgradeCheck = 1340;
				TargetAttributes = {
					426E49FA28931180009C8E99 = {
						CreatedOnToolsVersion = 13.4.1;
					};
				};
			};
			buildConfigurationList = 426E49F628931180009C8E99 /* Build configuration list for PBXProject "MapaMurali" */;
			compatibilityVersion = "Xcode 14.0";
			developmentRegion = en;
			hasScannedForEncodings = 0;
			knownRegions = (
				en,
				Base,
			);
			mainGroup = 426E49F228931180009C8E99;
			packageReferences = (
				42867B7328998CD800E5159F /* XCRemoteSwiftPackageReference "firebase-ios-sdk" */,
				42867B7A2899C42900E5159F /* XCRemoteSwiftPackageReference "RxSwift" */,
				4289AEC128E211B200C3FFF5 /* XCRemoteSwiftPackageReference "firebase-ios-sdk" */,
				42EA93A52947C4A9006F3EF0 /* XCRemoteSwiftPackageReference "firebase-ios-sdk" */,
			);
			productRefGroup = 426E49FC28931180009C8E99 /* Products */;
			projectDirPath = "";
			projectRoot = "";
			targets = (
				426E49FA28931180009C8E99 /* MapaMurali */,
			);
		};
/* End PBXProject section */

/* Begin PBXResourcesBuildPhase section */
		426E49F928931180009C8E99 /* Resources */ = {
			isa = PBXResourcesBuildPhase;
			buildActionMask = 2147483647;
			files = (
				426E4A0828931184009C8E99 /* Assets.xcassets in Resources */,
				42867B7228998A3200E5159F /* GoogleService-Info.plist in Resources */,
			);
			runOnlyForDeploymentPostprocessing = 0;
		};
/* End PBXResourcesBuildPhase section */

/* Begin PBXSourcesBuildPhase section */
		426E49F728931180009C8E99 /* Sources */ = {
			isa = PBXSourcesBuildPhase;
			buildActionMask = 2147483647;
			files = (
				428BD66328DE353B000B8D69 /* MMAlertVC.swift in Sources */,
				4220107C2995611E003389DC /* Report.swift in Sources */,
				42618DD829165A0D0052DB76 /* MMMostActivUsersCell.swift in Sources */,
				42E18CB728D7A8FE0068414E /* MMDataLoadingVC.swift in Sources */,
				42618DE3291FE5810052DB76 /* MMUserAddedMuralsCollectionsVC.swift in Sources */,
				42D9EA2C292EB42400A7A9DC /* MostActivUsersVC.swift in Sources */,
				42E61C3028F3143100D38205 /* MuralsCollectionViewController.swift in Sources */,
				42E61C2228F1AE0600D38205 /* MuralDetailsViewController.swift in Sources */,
				4289AEC828E216C200C3FFF5 /* Mural.swift in Sources */,
				427874BB2997D5B40031DD93 /* FullScreenImageVC.swift in Sources */,
				4289AEC028E2110500C3FFF5 /* DatabaseManager.swift in Sources */,
				42867B6B28959CE400E5159F /* SingInViewController.swift in Sources */,
				42867B80289C4CC600E5159F /* SingUpViewController.swift in Sources */,
				4275A280299BBBD400BD48A1 /* BlockedUsersVC.swift in Sources */,
				42867B702896FC8100E5159F /* LoginManager.swift in Sources */,
				429A022028CFD0E000CD6862 /* MMBodyLabel.swift in Sources */,
				42D9EA28292C1AB000A7A9DC /* MostPopularMuralsVC.swift in Sources */,
				42D9EA2E292ED5F600A7A9DC /* MostMuralCitiesVC.swift in Sources */,
				427CAB5828E9A83400DA7247 /* MMAnnotationView.swift in Sources */,
				428BD66728DE3FDC000B8D69 /* MMError.swift in Sources */,
				427874B129964D500031DD93 /* UnreviewedMuralsVC.swift in Sources */,
				42824F02295C64C000C33AA5 /* VerificationEmailSendViewController.swift in Sources */,
				42E18CB928DB98EA0068414E /* UIImage+Ext.swift in Sources */,
				4283A700293CA7D600EDFEB5 /* LegalTerms.swift in Sources */,
				42824F042964378200C33AA5 /* Utilities.swift in Sources */,
				42618DDC2917BB7C0052DB76 /* PopularCity.swift in Sources */,
				42EA93AC294DA8AB006F3EF0 /* CompleteUserDetailsViewController.swift in Sources */,
				42867B672895901000E5159F /* AddNewViewController.swift in Sources */,
				429A021D28CFCF4600CD6862 /* UIView+Ext.swift in Sources */,
				42D9EA212922CD8D00A7A9DC /* ManageUserAddedMuralsVC.swift in Sources */,
				42618DD42914312D0052DB76 /* StatisticsViewModel.swift in Sources */,
				42867B6428958F5B00E5159F /* MainTabBarViewController.swift in Sources */,
				42D9EA232922D1EA00A7A9DC /* MMUserAddedMuralTableViewCell.swift in Sources */,
				427E374D29D1995200967DB8 /* ValidateAuthProtocol.swift in Sources */,
				42618DD6291655720052DB76 /* MMUsersTableViewInTableViewCell.swift in Sources */,
				427E375129D2E6F200967DB8 /* MuralInformationVC.swift in Sources */,
				42E61C3928FAC03C00D38205 /* MMUsernameWithAvatarView.swift in Sources */,
				4283BAB428D606B100A54F0F /* MMCircleButton.swift in Sources */,
				428A42E6298A8C27005D6EFD /* EditUserDetailsViewController.swift in Sources */,
				4220107A299289D7003389DC /* AdminPanelViewController.swift in Sources */,
				42E61C2828F1CF3500D38205 /* ImagesManager.swift in Sources */,
				42E61C3B28FAC0C500D38205 /* User.swift in Sources */,
				42A5C70D2977E51500B3893C /* MMAnimableViewController.swift in Sources */,
				427874B5299659550031DD93 /* MMReportCell.swift in Sources */,
				42E61C3528F31DD800D38205 /* MuralCell.swift in Sources */,
				429A021B28CFCC7100CD6862 /* MMPlainButton.swift in Sources */,
				42824F0629645E6200C33AA5 /* Message.swift in Sources */,
				427C1A642910E899000E5619 /* MMFavoritesMuralCollectionCell.swift in Sources */,
				428BD65E28DE30B0000B8D69 /* MMTitleLabel.swift in Sources */,
				4275A282299BBF7B00BD48A1 /* MMBlockedUserTableViewCell.swift in Sources */,
				427874B329964D800031DD93 /* ReportsVC.swift in Sources */,
				42ECF0732973E6840097C843 /* Animator.swift in Sources */,
				42618DDE2917BC590052DB76 /* MMPopularCityTableViewCell.swift in Sources */,
				426E4A0328931180009C8E99 /* MapViewController.swift in Sources */,
				428BD66528DE3B7B000B8D69 /* UIViewController+Ext.swift in Sources */,
				429A021528CFADD200CD6862 /* UITextField+Ext.swift in Sources */,
				4283BAB028D5E24A00A54F0F /* MMMuralImageView.swift in Sources */,
				4283BAB228D5E45800A54F0F /* MMMuralPlaceholderView.swift in Sources */,
				42E61C3228F3191A00D38205 /* UIHelper.swift in Sources */,
				42D9EA1F2921581C00A7A9DC /* MMFilledButton.swift in Sources */,
				429A021928CFB52B00CD6862 /* MMTintedButton.swift in Sources */,
				427BD5AA28EB6063005F686A /* MMAnnotationClusterView.swift in Sources */,
				427874B92997BD240031DD93 /* ReviewStatusLegendVC.swift in Sources */,
				425E108B299D0E1D000F9F70 /* NetworkMonitor.swift in Sources */,
				42E61C2A28F2DC7800D38205 /* Date+Ext.swift in Sources */,
				427E374F29D1B49100967DB8 /* MapViewController+Ext.swift in Sources */,
				42E61C3F29053F0400D38205 /* MuralDetailsViewModel.swift in Sources */,
				42E61C2628F1CE1D00D38205 /* MMFullSizeImageView.swift in Sources */,
				428BD66128DE322A000B8D69 /* MMAlertContainerView.swift in Sources */,
				42E61C432906FFB200D38205 /* StatisticsViewController.swift in Sources */,
				427CAB5528E60D3200DA7247 /* AddNewViewModel.swift in Sources */,
				42EA93A92948FB87006F3EF0 /* InfoPlistParser.swift in Sources */,
				42E61C3D29045AAC00D38205 /* MMAvatarImageView.swift in Sources */,
				42824F082966FA1300C33AA5 /* MMEmptyStateView.swift in Sources */,
				426E49FF28931180009C8E99 /* AppDelegate.swift in Sources */,
				42E61C3728F3200800D38205 /* MMSquareImageView.swift in Sources */,
				426E4A0128931180009C8E99 /* SceneDelegate.swift in Sources */,
				429A021228CFA1CE00CD6862 /* MMTextField.swift in Sources */,
				42618DE1291FDACC0052DB76 /* MMUserMuralsCollectionsVC.swift in Sources */,
				42E61C2E28F2ED6400D38205 /* Constants.swift in Sources */,
				42867B69289590BD00E5159F /* UserAccountViewController.swift in Sources */,
				42ECF075297588E80097C843 /* PersistenceManager.swift in Sources */,
				42D9EA2529260E0000A7A9DC /* EditMuralViewController.swift in Sources */,
				428CEADA29214070006BC964 /* MMUserFavoritesMuralsCollectionVC.swift in Sources */,
				427E375329D2FE6600967DB8 /* ReportMuralProtocol.swift in Sources */,
			);
			runOnlyForDeploymentPostprocessing = 0;
		};
/* End PBXSourcesBuildPhase section */

/* Begin XCBuildConfiguration section */
		426E4A0D28931184009C8E99 /* Debug */ = {
			isa = XCBuildConfiguration;
			buildSettings = {
				ALWAYS_SEARCH_USER_PATHS = NO;
				CLANG_ANALYZER_NONNULL = YES;
				CLANG_ANALYZER_NUMBER_OBJECT_CONVERSION = YES_AGGRESSIVE;
				CLANG_CXX_LANGUAGE_STANDARD = "gnu++17";
				CLANG_ENABLE_MODULES = YES;
				CLANG_ENABLE_OBJC_ARC = YES;
				CLANG_ENABLE_OBJC_WEAK = YES;
				CLANG_WARN_BLOCK_CAPTURE_AUTORELEASING = YES;
				CLANG_WARN_BOOL_CONVERSION = YES;
				CLANG_WARN_COMMA = YES;
				CLANG_WARN_CONSTANT_CONVERSION = YES;
				CLANG_WARN_DEPRECATED_OBJC_IMPLEMENTATIONS = YES;
				CLANG_WARN_DIRECT_OBJC_ISA_USAGE = YES_ERROR;
				CLANG_WARN_DOCUMENTATION_COMMENTS = YES;
				CLANG_WARN_EMPTY_BODY = YES;
				CLANG_WARN_ENUM_CONVERSION = YES;
				CLANG_WARN_INFINITE_RECURSION = YES;
				CLANG_WARN_INT_CONVERSION = YES;
				CLANG_WARN_NON_LITERAL_NULL_CONVERSION = YES;
				CLANG_WARN_OBJC_IMPLICIT_RETAIN_SELF = YES;
				CLANG_WARN_OBJC_LITERAL_CONVERSION = YES;
				CLANG_WARN_OBJC_ROOT_CLASS = YES_ERROR;
				CLANG_WARN_QUOTED_INCLUDE_IN_FRAMEWORK_HEADER = YES;
				CLANG_WARN_RANGE_LOOP_ANALYSIS = YES;
				CLANG_WARN_STRICT_PROTOTYPES = YES;
				CLANG_WARN_SUSPICIOUS_MOVE = YES;
				CLANG_WARN_UNGUARDED_AVAILABILITY = YES_AGGRESSIVE;
				CLANG_WARN_UNREACHABLE_CODE = YES;
				CLANG_WARN__DUPLICATE_METHOD_MATCH = YES;
				COPY_PHASE_STRIP = NO;
				DEBUG_INFORMATION_FORMAT = dwarf;
				ENABLE_STRICT_OBJC_MSGSEND = YES;
				ENABLE_TESTABILITY = YES;
				GCC_C_LANGUAGE_STANDARD = gnu11;
				GCC_DYNAMIC_NO_PIC = NO;
				GCC_NO_COMMON_BLOCKS = YES;
				GCC_OPTIMIZATION_LEVEL = 0;
				GCC_PREPROCESSOR_DEFINITIONS = (
					"DEBUG=1",
					"$(inherited)",
				);
				GCC_WARN_64_TO_32_BIT_CONVERSION = YES;
				GCC_WARN_ABOUT_RETURN_TYPE = YES_ERROR;
				GCC_WARN_UNDECLARED_SELECTOR = YES;
				GCC_WARN_UNINITIALIZED_AUTOS = YES_AGGRESSIVE;
				GCC_WARN_UNUSED_FUNCTION = YES;
				GCC_WARN_UNUSED_VARIABLE = YES;
				IPHONEOS_DEPLOYMENT_TARGET = 15.0;
				MTL_ENABLE_DEBUG_INFO = INCLUDE_SOURCE;
				MTL_FAST_MATH = YES;
				ONLY_ACTIVE_ARCH = YES;
				SDKROOT = iphoneos;
				SWIFT_ACTIVE_COMPILATION_CONDITIONS = DEBUG;
				SWIFT_OPTIMIZATION_LEVEL = "-Onone";
				SWIFT_VERSION = 5.0;
			};
			name = Debug;
		};
		426E4A0E28931184009C8E99 /* Release */ = {
			isa = XCBuildConfiguration;
			buildSettings = {
				ALWAYS_SEARCH_USER_PATHS = NO;
				CLANG_ANALYZER_NONNULL = YES;
				CLANG_ANALYZER_NUMBER_OBJECT_CONVERSION = YES_AGGRESSIVE;
				CLANG_CXX_LANGUAGE_STANDARD = "gnu++17";
				CLANG_ENABLE_MODULES = YES;
				CLANG_ENABLE_OBJC_ARC = YES;
				CLANG_ENABLE_OBJC_WEAK = YES;
				CLANG_WARN_BLOCK_CAPTURE_AUTORELEASING = YES;
				CLANG_WARN_BOOL_CONVERSION = YES;
				CLANG_WARN_COMMA = YES;
				CLANG_WARN_CONSTANT_CONVERSION = YES;
				CLANG_WARN_DEPRECATED_OBJC_IMPLEMENTATIONS = YES;
				CLANG_WARN_DIRECT_OBJC_ISA_USAGE = YES_ERROR;
				CLANG_WARN_DOCUMENTATION_COMMENTS = YES;
				CLANG_WARN_EMPTY_BODY = YES;
				CLANG_WARN_ENUM_CONVERSION = YES;
				CLANG_WARN_INFINITE_RECURSION = YES;
				CLANG_WARN_INT_CONVERSION = YES;
				CLANG_WARN_NON_LITERAL_NULL_CONVERSION = YES;
				CLANG_WARN_OBJC_IMPLICIT_RETAIN_SELF = YES;
				CLANG_WARN_OBJC_LITERAL_CONVERSION = YES;
				CLANG_WARN_OBJC_ROOT_CLASS = YES_ERROR;
				CLANG_WARN_QUOTED_INCLUDE_IN_FRAMEWORK_HEADER = YES;
				CLANG_WARN_RANGE_LOOP_ANALYSIS = YES;
				CLANG_WARN_STRICT_PROTOTYPES = YES;
				CLANG_WARN_SUSPICIOUS_MOVE = YES;
				CLANG_WARN_UNGUARDED_AVAILABILITY = YES_AGGRESSIVE;
				CLANG_WARN_UNREACHABLE_CODE = YES;
				CLANG_WARN__DUPLICATE_METHOD_MATCH = YES;
				COPY_PHASE_STRIP = NO;
				DEBUG_INFORMATION_FORMAT = "dwarf-with-dsym";
				ENABLE_NS_ASSERTIONS = NO;
				ENABLE_STRICT_OBJC_MSGSEND = YES;
				GCC_C_LANGUAGE_STANDARD = gnu11;
				GCC_NO_COMMON_BLOCKS = YES;
				GCC_WARN_64_TO_32_BIT_CONVERSION = YES;
				GCC_WARN_ABOUT_RETURN_TYPE = YES_ERROR;
				GCC_WARN_UNDECLARED_SELECTOR = YES;
				GCC_WARN_UNINITIALIZED_AUTOS = YES_AGGRESSIVE;
				GCC_WARN_UNUSED_FUNCTION = YES;
				GCC_WARN_UNUSED_VARIABLE = YES;
				IPHONEOS_DEPLOYMENT_TARGET = 15.0;
				MTL_ENABLE_DEBUG_INFO = NO;
				MTL_FAST_MATH = YES;
				ONLY_ACTIVE_ARCH = NO;
				SDKROOT = iphoneos;
				SWIFT_COMPILATION_MODE = wholemodule;
				SWIFT_OPTIMIZATION_LEVEL = "-O";
				SWIFT_VERSION = 5.0;
				VALIDATE_PRODUCT = YES;
			};
			name = Release;
		};
		426E4A1028931184009C8E99 /* Debug */ = {
			isa = XCBuildConfiguration;
			buildSettings = {
				ASSETCATALOG_COMPILER_APPICON_NAME = AppIcon;
				ASSETCATALOG_COMPILER_GLOBAL_ACCENT_COLOR_NAME = AccentColor;
				CODE_SIGN_ENTITLEMENTS = MapaMurali/MapaMurali.entitlements;
				CODE_SIGN_IDENTITY = "Apple Development";
				CODE_SIGN_STYLE = Automatic;
				CURRENT_PROJECT_VERSION = 4;
				DEVELOPMENT_TEAM = 3FACLSXXJM;
				GENERATE_INFOPLIST_FILE = YES;
				INFOPLIST_FILE = MapaMurali/Info.plist;
				INFOPLIST_KEY_LSApplicationCategoryType = "public.app-category.entertainment";
				INFOPLIST_KEY_NSCameraUsageDescription = "Musisz wyrazić zgodę na wykorzystanie aparatu, aby móc dodać zdjęcie.";
				INFOPLIST_KEY_NSLocationAlwaysAndWhenInUseUsageDescription = "Musimy mieć dostęp do Twojej lokalizacji, aby móc pokazywać Ci wspaniałe murale w Twojej okolicy!";
				INFOPLIST_KEY_NSLocationWhenInUseUsageDescription = "Musimy mieć dostęp do Twojej lokalizacji, aby móc pokazywać Ci wspaniałe murale w Twojej okolicy!";
				INFOPLIST_KEY_NSPhotoLibraryAddUsageDescription = "Aby dodać zdjęcie pochodzące z biblioteki zdjęć musisz wyrazić zgodę na dostęp do biblioteki.";
				INFOPLIST_KEY_NSPhotoLibraryUsageDescription = "Aby dodać zdjęcie pochodzące z biblioteki zdjęć musisz wyrazić zgodę na dostęp do biblioteki.";
				INFOPLIST_KEY_UIApplicationSupportsIndirectInputEvents = YES;
				INFOPLIST_KEY_UISupportedInterfaceOrientations = UIInterfaceOrientationPortrait;
				INFOPLIST_KEY_UISupportedInterfaceOrientations_iPad = "UIInterfaceOrientationPortrait UIInterfaceOrientationPortraitUpsideDown UIInterfaceOrientationLandscapeLeft UIInterfaceOrientationLandscapeRight";
				INFOPLIST_KEY_UISupportedInterfaceOrientations_iPhone = UIInterfaceOrientationPortrait;
				IPHONEOS_DEPLOYMENT_TARGET = 15.0;
				LD_RUNPATH_SEARCH_PATHS = (
					"$(inherited)",
					"@executable_path/Frameworks",
				);
				MARKETING_VERSION = 1.1.2;
				PRODUCT_BUNDLE_IDENTIFIER = com.jakubzajda.MapaMurali;
				PRODUCT_NAME = "$(TARGET_NAME)";
				PROVISIONING_PROFILE_SPECIFIER = "";
				SUPPORTED_PLATFORMS = "iphoneos iphonesimulator";
				SUPPORTS_MACCATALYST = NO;
				SUPPORTS_MAC_DESIGNED_FOR_IPHONE_IPAD = NO;
				SWIFT_EMIT_LOC_STRINGS = YES;
				SWIFT_VERSION = 5.0;
				TARGETED_DEVICE_FAMILY = 1;
			};
			name = Debug;
		};
		426E4A1128931184009C8E99 /* Release */ = {
			isa = XCBuildConfiguration;
			buildSettings = {
				ASSETCATALOG_COMPILER_APPICON_NAME = AppIcon;
				ASSETCATALOG_COMPILER_GLOBAL_ACCENT_COLOR_NAME = AccentColor;
				CODE_SIGN_ENTITLEMENTS = MapaMurali/MapaMurali.entitlements;
				CODE_SIGN_IDENTITY = "Apple Development";
				CODE_SIGN_STYLE = Automatic;
				CURRENT_PROJECT_VERSION = 4;
				DEVELOPMENT_TEAM = 3FACLSXXJM;
				GENERATE_INFOPLIST_FILE = YES;
				INFOPLIST_FILE = MapaMurali/Info.plist;
				INFOPLIST_KEY_LSApplicationCategoryType = "public.app-category.entertainment";
				INFOPLIST_KEY_NSCameraUsageDescription = "Musisz wyrazić zgodę na wykorzystanie aparatu, aby móc dodać zdjęcie.";
				INFOPLIST_KEY_NSLocationAlwaysAndWhenInUseUsageDescription = "Musimy mieć dostęp do Twojej lokalizacji, aby móc pokazywać Ci wspaniałe murale w Twojej okolicy!";
				INFOPLIST_KEY_NSLocationWhenInUseUsageDescription = "Musimy mieć dostęp do Twojej lokalizacji, aby móc pokazywać Ci wspaniałe murale w Twojej okolicy!";
				INFOPLIST_KEY_NSPhotoLibraryAddUsageDescription = "Aby dodać zdjęcie pochodzące z biblioteki zdjęć musisz wyrazić zgodę na dostęp do biblioteki.";
				INFOPLIST_KEY_NSPhotoLibraryUsageDescription = "Aby dodać zdjęcie pochodzące z biblioteki zdjęć musisz wyrazić zgodę na dostęp do biblioteki.";
				INFOPLIST_KEY_UIApplicationSupportsIndirectInputEvents = YES;
				INFOPLIST_KEY_UISupportedInterfaceOrientations = UIInterfaceOrientationPortrait;
				INFOPLIST_KEY_UISupportedInterfaceOrientations_iPad = "UIInterfaceOrientationPortrait UIInterfaceOrientationPortraitUpsideDown UIInterfaceOrientationLandscapeLeft UIInterfaceOrientationLandscapeRight";
				INFOPLIST_KEY_UISupportedInterfaceOrientations_iPhone = UIInterfaceOrientationPortrait;
				IPHONEOS_DEPLOYMENT_TARGET = 15.0;
				LD_RUNPATH_SEARCH_PATHS = (
					"$(inherited)",
					"@executable_path/Frameworks",
				);
				MARKETING_VERSION = 1.1.2;
				PRODUCT_BUNDLE_IDENTIFIER = com.jakubzajda.MapaMurali;
				PRODUCT_NAME = "$(TARGET_NAME)";
				PROVISIONING_PROFILE_SPECIFIER = "";
				SUPPORTED_PLATFORMS = "iphoneos iphonesimulator";
				SUPPORTS_MACCATALYST = NO;
				SUPPORTS_MAC_DESIGNED_FOR_IPHONE_IPAD = NO;
				SWIFT_EMIT_LOC_STRINGS = YES;
				SWIFT_VERSION = 5.0;
				TARGETED_DEVICE_FAMILY = 1;
			};
			name = Release;
		};
/* End XCBuildConfiguration section */

/* Begin XCConfigurationList section */
		426E49F628931180009C8E99 /* Build configuration list for PBXProject "MapaMurali" */ = {
			isa = XCConfigurationList;
			buildConfigurations = (
				426E4A0D28931184009C8E99 /* Debug */,
				426E4A0E28931184009C8E99 /* Release */,
			);
			defaultConfigurationIsVisible = 0;
			defaultConfigurationName = Release;
		};
		426E4A0F28931184009C8E99 /* Build configuration list for PBXNativeTarget "MapaMurali" */ = {
			isa = XCConfigurationList;
			buildConfigurations = (
				426E4A1028931184009C8E99 /* Debug */,
				426E4A1128931184009C8E99 /* Release */,
			);
			defaultConfigurationIsVisible = 0;
			defaultConfigurationName = Release;
		};
/* End XCConfigurationList section */

/* Begin XCRemoteSwiftPackageReference section */
		42867B7328998CD800E5159F /* XCRemoteSwiftPackageReference "firebase-ios-sdk" */ = {
			isa = XCRemoteSwiftPackageReference;
			repositoryURL = "https://github.com/firebase/firebase-ios-sdk";
			requirement = {
				kind = upToNextMajorVersion;
				minimumVersion = 9.0.0;
			};
		};
		42867B7A2899C42900E5159F /* XCRemoteSwiftPackageReference "RxSwift" */ = {
			isa = XCRemoteSwiftPackageReference;
			repositoryURL = "https://github.com/ReactiveX/RxSwift.git";
			requirement = {
				kind = upToNextMajorVersion;
				minimumVersion = 6.0.0;
			};
		};
		4289AEC128E211B200C3FFF5 /* XCRemoteSwiftPackageReference "firebase-ios-sdk" */ = {
			isa = XCRemoteSwiftPackageReference;
			repositoryURL = "https://github.com/firebase/firebase-ios-sdk";
			requirement = {
				kind = upToNextMinorVersion;
				minimumVersion = 9.6.0;
			};
		};
		42EA93A52947C4A9006F3EF0 /* XCRemoteSwiftPackageReference "firebase-ios-sdk" */ = {
			isa = XCRemoteSwiftPackageReference;
			repositoryURL = "https://github.com/firebase/firebase-ios-sdk";
			requirement = {
				kind = upToNextMinorVersion;
				minimumVersion = 9.6.0;
			};
		};
/* End XCRemoteSwiftPackageReference section */

/* Begin XCSwiftPackageProductDependency section */
		42867B7428998CD800E5159F /* FirebaseAuth */ = {
			isa = XCSwiftPackageProductDependency;
			package = 42867B7328998CD800E5159F /* XCRemoteSwiftPackageReference "firebase-ios-sdk" */;
			productName = FirebaseAuth;
		};
		42867B7628998CD800E5159F /* FirebaseDatabase */ = {
			isa = XCSwiftPackageProductDependency;
			package = 42867B7328998CD800E5159F /* XCRemoteSwiftPackageReference "firebase-ios-sdk" */;
			productName = FirebaseDatabase;
		};
		42867B7828998CD800E5159F /* FirebaseStorage */ = {
			isa = XCSwiftPackageProductDependency;
			package = 42867B7328998CD800E5159F /* XCRemoteSwiftPackageReference "firebase-ios-sdk" */;
			productName = FirebaseStorage;
		};
		42867B7B2899C42900E5159F /* RxCocoa */ = {
			isa = XCSwiftPackageProductDependency;
			package = 42867B7A2899C42900E5159F /* XCRemoteSwiftPackageReference "RxSwift" */;
			productName = RxCocoa;
		};
		42867B7D2899C42900E5159F /* RxSwift */ = {
			isa = XCSwiftPackageProductDependency;
			package = 42867B7A2899C42900E5159F /* XCRemoteSwiftPackageReference "RxSwift" */;
			productName = RxSwift;
		};
		4289AEC228E211B200C3FFF5 /* FirebaseFirestore */ = {
			isa = XCSwiftPackageProductDependency;
			package = 4289AEC128E211B200C3FFF5 /* XCRemoteSwiftPackageReference "firebase-ios-sdk" */;
			productName = FirebaseFirestore;
		};
		4289AEC428E211B200C3FFF5 /* FirebaseFirestoreSwift */ = {
			isa = XCSwiftPackageProductDependency;
			package = 4289AEC128E211B200C3FFF5 /* XCRemoteSwiftPackageReference "firebase-ios-sdk" */;
			productName = FirebaseFirestoreSwift;
		};
		42EA93A62947C4A9006F3EF0 /* FirebaseDynamicLinks */ = {
			isa = XCSwiftPackageProductDependency;
			package = 4289AEC128E211B200C3FFF5 /* XCRemoteSwiftPackageReference "firebase-ios-sdk" */;
			productName = FirebaseDynamicLinks;
		};
/* End XCSwiftPackageProductDependency section */
	};
	rootObject = 426E49F328931180009C8E99 /* Project object */;
}
